// !$*UTF8*$!
{
	archiveVersion = 1;
	classes = {
	};
	objectVersion = 51;
	objects = {

/* Begin PBXBuildFile section */
		B83100798DCA94856B86557A /* Pods_Parstagram_ParstagramUITests.framework in Frameworks */ = {isa = PBXBuildFile; fileRef = 5DB5682A4D84412E233F3C3E /* Pods_Parstagram_ParstagramUITests.framework */; };
		DD653911D0D73C3CBE57B7AB /* Pods_ParstagramTests.framework in Frameworks */ = {isa = PBXBuildFile; fileRef = 6342A94030D9FE4E47F74E56 /* Pods_ParstagramTests.framework */; };
		DEE6A8812E44A5D150C820EB /* Pods_Parstagram.framework in Frameworks */ = {isa = PBXBuildFile; fileRef = EA1810A084B0AE311AD678C8 /* Pods_Parstagram.framework */; };
		E57498B62694F598005E6871 /* Keys.plist in Resources */ = {isa = PBXBuildFile; fileRef = E57498B52694F598005E6871 /* Keys.plist */; };
		E57498BA2694FB87005E6871 /* LoginViewController.m in Sources */ = {isa = PBXBuildFile; fileRef = E57498B92694FB87005E6871 /* LoginViewController.m */; };
		E58BC4C82694E62700380D78 /* AppDelegate.m in Sources */ = {isa = PBXBuildFile; fileRef = E58BC4C72694E62700380D78 /* AppDelegate.m */; };
		E58BC4CB2694E62700380D78 /* SceneDelegate.m in Sources */ = {isa = PBXBuildFile; fileRef = E58BC4CA2694E62700380D78 /* SceneDelegate.m */; };
		E58BC4D12694E62700380D78 /* Main.storyboard in Resources */ = {isa = PBXBuildFile; fileRef = E58BC4CF2694E62700380D78 /* Main.storyboard */; };
		E58BC4D32694E62800380D78 /* Assets.xcassets in Resources */ = {isa = PBXBuildFile; fileRef = E58BC4D22694E62800380D78 /* Assets.xcassets */; };
		E58BC4D62694E62800380D78 /* LaunchScreen.storyboard in Resources */ = {isa = PBXBuildFile; fileRef = E58BC4D42694E62800380D78 /* LaunchScreen.storyboard */; };
		E58BC4D92694E62800380D78 /* main.m in Sources */ = {isa = PBXBuildFile; fileRef = E58BC4D82694E62800380D78 /* main.m */; };
		E58BC4E32694E62800380D78 /* ParstagramTests.m in Sources */ = {isa = PBXBuildFile; fileRef = E58BC4E22694E62800380D78 /* ParstagramTests.m */; };
		E58BC4EE2694E62800380D78 /* ParstagramUITests.m in Sources */ = {isa = PBXBuildFile; fileRef = E58BC4ED2694E62800380D78 /* ParstagramUITests.m */; };
		E5D10D9A2694FF760021191D /* ParseManager.m in Sources */ = {isa = PBXBuildFile; fileRef = E5D10D992694FF760021191D /* ParseManager.m */; };
/* End PBXBuildFile section */

/* Begin PBXContainerItemProxy section */
		E58BC4DF2694E62800380D78 /* PBXContainerItemProxy */ = {
			isa = PBXContainerItemProxy;
			containerPortal = E58BC4BB2694E62700380D78 /* Project object */;
			proxyType = 1;
			remoteGlobalIDString = E58BC4C22694E62700380D78;
			remoteInfo = Parstagram;
		};
		E58BC4EA2694E62800380D78 /* PBXContainerItemProxy */ = {
			isa = PBXContainerItemProxy;
			containerPortal = E58BC4BB2694E62700380D78 /* Project object */;
			proxyType = 1;
			remoteGlobalIDString = E58BC4C22694E62700380D78;
			remoteInfo = Parstagram;
		};
/* End PBXContainerItemProxy section */

/* Begin PBXFileReference section */
		0E7360941B6C0AB39C83BF3B /* Pods-Parstagram-ParstagramUITests.debug.xcconfig */ = {isa = PBXFileReference; includeInIndex = 1; lastKnownFileType = text.xcconfig; name = "Pods-Parstagram-ParstagramUITests.debug.xcconfig"; path = "Target Support Files/Pods-Parstagram-ParstagramUITests/Pods-Parstagram-ParstagramUITests.debug.xcconfig"; sourceTree = "<group>"; };
		3B1945CB7C22EB0D82276CD5 /* Pods-Parstagram-ParstagramUITests.release.xcconfig */ = {isa = PBXFileReference; includeInIndex = 1; lastKnownFileType = text.xcconfig; name = "Pods-Parstagram-ParstagramUITests.release.xcconfig"; path = "Target Support Files/Pods-Parstagram-ParstagramUITests/Pods-Parstagram-ParstagramUITests.release.xcconfig"; sourceTree = "<group>"; };
		5DB5682A4D84412E233F3C3E /* Pods_Parstagram_ParstagramUITests.framework */ = {isa = PBXFileReference; explicitFileType = wrapper.framework; includeInIndex = 0; path = Pods_Parstagram_ParstagramUITests.framework; sourceTree = BUILT_PRODUCTS_DIR; };
		6342A94030D9FE4E47F74E56 /* Pods_ParstagramTests.framework */ = {isa = PBXFileReference; explicitFileType = wrapper.framework; includeInIndex = 0; path = Pods_ParstagramTests.framework; sourceTree = BUILT_PRODUCTS_DIR; };
		8C6AC1A071033ED6D3A5001B /* Pods-Parstagram.debug.xcconfig */ = {isa = PBXFileReference; includeInIndex = 1; lastKnownFileType = text.xcconfig; name = "Pods-Parstagram.debug.xcconfig"; path = "Target Support Files/Pods-Parstagram/Pods-Parstagram.debug.xcconfig"; sourceTree = "<group>"; };
		93BA366FDE03865A14FA930F /* Pods-ParstagramTests.debug.xcconfig */ = {isa = PBXFileReference; includeInIndex = 1; lastKnownFileType = text.xcconfig; name = "Pods-ParstagramTests.debug.xcconfig"; path = "Target Support Files/Pods-ParstagramTests/Pods-ParstagramTests.debug.xcconfig"; sourceTree = "<group>"; };
		95157764EFBBC067B64F7D33 /* Pods-Parstagram.release.xcconfig */ = {isa = PBXFileReference; includeInIndex = 1; lastKnownFileType = text.xcconfig; name = "Pods-Parstagram.release.xcconfig"; path = "Target Support Files/Pods-Parstagram/Pods-Parstagram.release.xcconfig"; sourceTree = "<group>"; };
		E57498B52694F598005E6871 /* Keys.plist */ = {isa = PBXFileReference; lastKnownFileType = text.plist.xml; path = Keys.plist; sourceTree = "<group>"; };
		E57498B82694FB87005E6871 /* LoginViewController.h */ = {isa = PBXFileReference; lastKnownFileType = sourcecode.c.h; path = LoginViewController.h; sourceTree = "<group>"; };
		E57498B92694FB87005E6871 /* LoginViewController.m */ = {isa = PBXFileReference; lastKnownFileType = sourcecode.c.objc; path = LoginViewController.m; sourceTree = "<group>"; };
		E58BC4C32694E62700380D78 /* Parstagram.app */ = {isa = PBXFileReference; explicitFileType = wrapper.application; includeInIndex = 0; path = Parstagram.app; sourceTree = BUILT_PRODUCTS_DIR; };
		E58BC4C62694E62700380D78 /* AppDelegate.h */ = {isa = PBXFileReference; lastKnownFileType = sourcecode.c.h; path = AppDelegate.h; sourceTree = "<group>"; };
		E58BC4C72694E62700380D78 /* AppDelegate.m */ = {isa = PBXFileReference; lastKnownFileType = sourcecode.c.objc; path = AppDelegate.m; sourceTree = "<group>"; };
		E58BC4C92694E62700380D78 /* SceneDelegate.h */ = {isa = PBXFileReference; lastKnownFileType = sourcecode.c.h; path = SceneDelegate.h; sourceTree = "<group>"; };
		E58BC4CA2694E62700380D78 /* SceneDelegate.m */ = {isa = PBXFileReference; lastKnownFileType = sourcecode.c.objc; path = SceneDelegate.m; sourceTree = "<group>"; };
		E58BC4D02694E62700380D78 /* Base */ = {isa = PBXFileReference; lastKnownFileType = file.storyboard; name = Base; path = Base.lproj/Main.storyboard; sourceTree = "<group>"; };
		E58BC4D22694E62800380D78 /* Assets.xcassets */ = {isa = PBXFileReference; lastKnownFileType = folder.assetcatalog; path = Assets.xcassets; sourceTree = "<group>"; };
		E58BC4D52694E62800380D78 /* Base */ = {isa = PBXFileReference; lastKnownFileType = file.storyboard; name = Base; path = Base.lproj/LaunchScreen.storyboard; sourceTree = "<group>"; };
		E58BC4D72694E62800380D78 /* Info.plist */ = {isa = PBXFileReference; lastKnownFileType = text.plist.xml; path = Info.plist; sourceTree = "<group>"; };
		E58BC4D82694E62800380D78 /* main.m */ = {isa = PBXFileReference; lastKnownFileType = sourcecode.c.objc; path = main.m; sourceTree = "<group>"; };
		E58BC4DE2694E62800380D78 /* ParstagramTests.xctest */ = {isa = PBXFileReference; explicitFileType = wrapper.cfbundle; includeInIndex = 0; path = ParstagramTests.xctest; sourceTree = BUILT_PRODUCTS_DIR; };
		E58BC4E22694E62800380D78 /* ParstagramTests.m */ = {isa = PBXFileReference; lastKnownFileType = sourcecode.c.objc; path = ParstagramTests.m; sourceTree = "<group>"; };
		E58BC4E42694E62800380D78 /* Info.plist */ = {isa = PBXFileReference; lastKnownFileType = text.plist.xml; path = Info.plist; sourceTree = "<group>"; };
		E58BC4E92694E62800380D78 /* ParstagramUITests.xctest */ = {isa = PBXFileReference; explicitFileType = wrapper.cfbundle; includeInIndex = 0; path = ParstagramUITests.xctest; sourceTree = BUILT_PRODUCTS_DIR; };
		E58BC4ED2694E62800380D78 /* ParstagramUITests.m */ = {isa = PBXFileReference; lastKnownFileType = sourcecode.c.objc; path = ParstagramUITests.m; sourceTree = "<group>"; };
		E58BC4EF2694E62800380D78 /* Info.plist */ = {isa = PBXFileReference; lastKnownFileType = text.plist.xml; path = Info.plist; sourceTree = "<group>"; };
		E58BC4FB2694E65000380D78 /* README.md */ = {isa = PBXFileReference; lastKnownFileType = net.daringfireball.markdown; path = README.md; sourceTree = "<group>"; };
		E58BC4FC2694E66E00380D78 /* .gitignore */ = {isa = PBXFileReference; lastKnownFileType = text; path = .gitignore; sourceTree = "<group>"; };
		E58BC4FD2694E6A500380D78 /* .gitattributes */ = {isa = PBXFileReference; lastKnownFileType = text; path = .gitattributes; sourceTree = "<group>"; };
		E5D10D982694FF760021191D /* ParseManager.h */ = {isa = PBXFileReference; lastKnownFileType = sourcecode.c.h; path = ParseManager.h; sourceTree = "<group>"; };
		E5D10D992694FF760021191D /* ParseManager.m */ = {isa = PBXFileReference; lastKnownFileType = sourcecode.c.objc; path = ParseManager.m; sourceTree = "<group>"; };
		EA1810A084B0AE311AD678C8 /* Pods_Parstagram.framework */ = {isa = PBXFileReference; explicitFileType = wrapper.framework; includeInIndex = 0; path = Pods_Parstagram.framework; sourceTree = BUILT_PRODUCTS_DIR; };
		FEB88C5B2B98164605FA5359 /* Pods-ParstagramTests.release.xcconfig */ = {isa = PBXFileReference; includeInIndex = 1; lastKnownFileType = text.xcconfig; name = "Pods-ParstagramTests.release.xcconfig"; path = "Target Support Files/Pods-ParstagramTests/Pods-ParstagramTests.release.xcconfig"; sourceTree = "<group>"; };
/* End PBXFileReference section */

/* Begin PBXFrameworksBuildPhase section */
		E58BC4C02694E62700380D78 /* Frameworks */ = {
			isa = PBXFrameworksBuildPhase;
			buildActionMask = 2147483647;
			files = (
				DEE6A8812E44A5D150C820EB /* Pods_Parstagram.framework in Frameworks */,
			);
			runOnlyForDeploymentPostprocessing = 0;
		};
		E58BC4DB2694E62800380D78 /* Frameworks */ = {
			isa = PBXFrameworksBuildPhase;
			buildActionMask = 2147483647;
			files = (
				DD653911D0D73C3CBE57B7AB /* Pods_ParstagramTests.framework in Frameworks */,
			);
			runOnlyForDeploymentPostprocessing = 0;
		};
		E58BC4E62694E62800380D78 /* Frameworks */ = {
			isa = PBXFrameworksBuildPhase;
			buildActionMask = 2147483647;
			files = (
				B83100798DCA94856B86557A /* Pods_Parstagram_ParstagramUITests.framework in Frameworks */,
			);
			runOnlyForDeploymentPostprocessing = 0;
		};
/* End PBXFrameworksBuildPhase section */

/* Begin PBXGroup section */
		2F1B3C2E07115AF378136CB8 /* Pods */ = {
			isa = PBXGroup;
			children = (
				8C6AC1A071033ED6D3A5001B /* Pods-Parstagram.debug.xcconfig */,
				95157764EFBBC067B64F7D33 /* Pods-Parstagram.release.xcconfig */,
				0E7360941B6C0AB39C83BF3B /* Pods-Parstagram-ParstagramUITests.debug.xcconfig */,
				3B1945CB7C22EB0D82276CD5 /* Pods-Parstagram-ParstagramUITests.release.xcconfig */,
				93BA366FDE03865A14FA930F /* Pods-ParstagramTests.debug.xcconfig */,
				FEB88C5B2B98164605FA5359 /* Pods-ParstagramTests.release.xcconfig */,
			);
			path = Pods;
			sourceTree = "<group>";
		};
		B294392EF2DF8A6EB1C92E97 /* Frameworks */ = {
			isa = PBXGroup;
			children = (
				EA1810A084B0AE311AD678C8 /* Pods_Parstagram.framework */,
				5DB5682A4D84412E233F3C3E /* Pods_Parstagram_ParstagramUITests.framework */,
				6342A94030D9FE4E47F74E56 /* Pods_ParstagramTests.framework */,
			);
			name = Frameworks;
			sourceTree = "<group>";
		};
		E57498B72694FB67005E6871 /* ViewControllers */ = {
			isa = PBXGroup;
			children = (
				E57498B82694FB87005E6871 /* LoginViewController.h */,
				E57498B92694FB87005E6871 /* LoginViewController.m */,
			);
			path = ViewControllers;
			sourceTree = "<group>";
		};
		E58BC4BA2694E62700380D78 = {
			isa = PBXGroup;
			children = (
				E58BC4C52694E62700380D78 /* Parstagram */,
				E58BC4E12694E62800380D78 /* ParstagramTests */,
				E58BC4EC2694E62800380D78 /* ParstagramUITests */,
				E58BC4C42694E62700380D78 /* Products */,
				2F1B3C2E07115AF378136CB8 /* Pods */,
				B294392EF2DF8A6EB1C92E97 /* Frameworks */,
			);
			sourceTree = "<group>";
		};
		E58BC4C42694E62700380D78 /* Products */ = {
			isa = PBXGroup;
			children = (
				E58BC4C32694E62700380D78 /* Parstagram.app */,
				E58BC4DE2694E62800380D78 /* ParstagramTests.xctest */,
				E58BC4E92694E62800380D78 /* ParstagramUITests.xctest */,
			);
			name = Products;
			sourceTree = "<group>";
		};
		E58BC4C52694E62700380D78 /* Parstagram */ = {
			isa = PBXGroup;
			children = (
				E5A4C9AA26950207008C90E2 /* Storyboards */,
				E5A4C9A9269501D9008C90E2 /* AppManagement */,
				E5D10D9B2694FF8A0021191D /* API */,
				E57498B72694FB67005E6871 /* ViewControllers */,
				E58BC4D22694E62800380D78 /* Assets.xcassets */,
				E58BC4D72694E62800380D78 /* Info.plist */,
				E58BC4FD2694E6A500380D78 /* .gitattributes */,
				E58BC4FC2694E66E00380D78 /* .gitignore */,
				E58BC4FB2694E65000380D78 /* README.md */,
				E57498B52694F598005E6871 /* Keys.plist */,
			);
			path = Parstagram;
			sourceTree = "<group>";
		};
		E58BC4E12694E62800380D78 /* ParstagramTests */ = {
			isa = PBXGroup;
			children = (
				E58BC4E22694E62800380D78 /* ParstagramTests.m */,
				E58BC4E42694E62800380D78 /* Info.plist */,
			);
			path = ParstagramTests;
			sourceTree = "<group>";
		};
		E58BC4EC2694E62800380D78 /* ParstagramUITests */ = {
			isa = PBXGroup;
			children = (
				E58BC4ED2694E62800380D78 /* ParstagramUITests.m */,
				E58BC4EF2694E62800380D78 /* Info.plist */,
			);
			path = ParstagramUITests;
			sourceTree = "<group>";
		};
		E5A4C9A9269501D9008C90E2 /* AppManagement */ = {
			isa = PBXGroup;
			children = (
				E58BC4D82694E62800380D78 /* main.m */,
				E58BC4C62694E62700380D78 /* AppDelegate.h */,
				E58BC4C72694E62700380D78 /* AppDelegate.m */,
				E58BC4C92694E62700380D78 /* SceneDelegate.h */,
				E58BC4CA2694E62700380D78 /* SceneDelegate.m */,
			);
			path = AppManagement;
			sourceTree = "<group>";
		};
		E5A4C9AA26950207008C90E2 /* Storyboards */ = {
			isa = PBXGroup;
			children = (
				E58BC4CF2694E62700380D78 /* Main.storyboard */,
				E58BC4D42694E62800380D78 /* LaunchScreen.storyboard */,
			);
			path = Storyboards;
			sourceTree = "<group>";
		};
		E5D10D9B2694FF8A0021191D /* API */ = {
			isa = PBXGroup;
			children = (
				E5D10D982694FF760021191D /* ParseManager.h */,
				E5D10D992694FF760021191D /* ParseManager.m */,
			);
			path = API;
			sourceTree = "<group>";
		};
/* End PBXGroup section */

/* Begin PBXNativeTarget section */
		E58BC4C22694E62700380D78 /* Parstagram */ = {
			isa = PBXNativeTarget;
			buildConfigurationList = E58BC4F22694E62800380D78 /* Build configuration list for PBXNativeTarget "Parstagram" */;
			buildPhases = (
				312235EEB93B6378537DE745 /* [CP] Check Pods Manifest.lock */,
				E58BC4BF2694E62700380D78 /* Sources */,
				E58BC4C02694E62700380D78 /* Frameworks */,
				E58BC4C12694E62700380D78 /* Resources */,
				069C6CED996BBCEDE8721A84 /* [CP] Embed Pods Frameworks */,
			);
			buildRules = (
			);
			dependencies = (
			);
			name = Parstagram;
			productName = Parstagram;
			productReference = E58BC4C32694E62700380D78 /* Parstagram.app */;
			productType = "com.apple.product-type.application";
		};
		E58BC4DD2694E62800380D78 /* ParstagramTests */ = {
			isa = PBXNativeTarget;
			buildConfigurationList = E58BC4F52694E62800380D78 /* Build configuration list for PBXNativeTarget "ParstagramTests" */;
			buildPhases = (
				DBC9DF19BE21CBEC9A2A3FFD /* [CP] Check Pods Manifest.lock */,
				E58BC4DA2694E62800380D78 /* Sources */,
				E58BC4DB2694E62800380D78 /* Frameworks */,
				E58BC4DC2694E62800380D78 /* Resources */,
			);
			buildRules = (
			);
			dependencies = (
				E58BC4E02694E62800380D78 /* PBXTargetDependency */,
			);
			name = ParstagramTests;
			productName = ParstagramTests;
			productReference = E58BC4DE2694E62800380D78 /* ParstagramTests.xctest */;
			productType = "com.apple.product-type.bundle.unit-test";
		};
		E58BC4E82694E62800380D78 /* ParstagramUITests */ = {
			isa = PBXNativeTarget;
			buildConfigurationList = E58BC4F82694E62800380D78 /* Build configuration list for PBXNativeTarget "ParstagramUITests" */;
			buildPhases = (
				0B63C20563BC752925C0E90E /* [CP] Check Pods Manifest.lock */,
				E58BC4E52694E62800380D78 /* Sources */,
				E58BC4E62694E62800380D78 /* Frameworks */,
				E58BC4E72694E62800380D78 /* Resources */,
				60B8C9BED26D29051414311C /* [CP] Embed Pods Frameworks */,
			);
			buildRules = (
			);
			dependencies = (
				E58BC4EB2694E62800380D78 /* PBXTargetDependency */,
			);
			name = ParstagramUITests;
			productName = ParstagramUITests;
			productReference = E58BC4E92694E62800380D78 /* ParstagramUITests.xctest */;
			productType = "com.apple.product-type.bundle.ui-testing";
		};
/* End PBXNativeTarget section */

/* Begin PBXProject section */
		E58BC4BB2694E62700380D78 /* Project object */ = {
			isa = PBXProject;
			attributes = {
				LastUpgradeCheck = 1250;
				TargetAttributes = {
					E58BC4C22694E62700380D78 = {
						CreatedOnToolsVersion = 12.5.1;
					};
					E58BC4DD2694E62800380D78 = {
						CreatedOnToolsVersion = 12.5.1;
						TestTargetID = E58BC4C22694E62700380D78;
					};
					E58BC4E82694E62800380D78 = {
						CreatedOnToolsVersion = 12.5.1;
						TestTargetID = E58BC4C22694E62700380D78;
					};
				};
			};
			buildConfigurationList = E58BC4BE2694E62700380D78 /* Build configuration list for PBXProject "Parstagram" */;
			compatibilityVersion = "Xcode 9.3";
			developmentRegion = en;
			hasScannedForEncodings = 0;
			knownRegions = (
				en,
				Base,
			);
			mainGroup = E58BC4BA2694E62700380D78;
			productRefGroup = E58BC4C42694E62700380D78 /* Products */;
			projectDirPath = "";
			projectRoot = "";
			targets = (
				E58BC4C22694E62700380D78 /* Parstagram */,
				E58BC4DD2694E62800380D78 /* ParstagramTests */,
				E58BC4E82694E62800380D78 /* ParstagramUITests */,
			);
		};
/* End PBXProject section */

/* Begin PBXResourcesBuildPhase section */
		E58BC4C12694E62700380D78 /* Resources */ = {
			isa = PBXResourcesBuildPhase;
			buildActionMask = 2147483647;
			files = (
				E57498B62694F598005E6871 /* Keys.plist in Resources */,
				E58BC4D62694E62800380D78 /* LaunchScreen.storyboard in Resources */,
				E58BC4D32694E62800380D78 /* Assets.xcassets in Resources */,
				E58BC4D12694E62700380D78 /* Main.storyboard in Resources */,
			);
			runOnlyForDeploymentPostprocessing = 0;
		};
		E58BC4DC2694E62800380D78 /* Resources */ = {
			isa = PBXResourcesBuildPhase;
			buildActionMask = 2147483647;
			files = (
			);
			runOnlyForDeploymentPostprocessing = 0;
		};
		E58BC4E72694E62800380D78 /* Resources */ = {
			isa = PBXResourcesBuildPhase;
			buildActionMask = 2147483647;
			files = (
			);
			runOnlyForDeploymentPostprocessing = 0;
		};
/* End PBXResourcesBuildPhase section */

/* Begin PBXShellScriptBuildPhase section */
		069C6CED996BBCEDE8721A84 /* [CP] Embed Pods Frameworks */ = {
			isa = PBXShellScriptBuildPhase;
			buildActionMask = 2147483647;
			files = (
			);
			inputFileListPaths = (
				"${PODS_ROOT}/Target Support Files/Pods-Parstagram/Pods-Parstagram-frameworks-${CONFIGURATION}-input-files.xcfilelist",
			);
			name = "[CP] Embed Pods Frameworks";
			outputFileListPaths = (
				"${PODS_ROOT}/Target Support Files/Pods-Parstagram/Pods-Parstagram-frameworks-${CONFIGURATION}-output-files.xcfilelist",
			);
			runOnlyForDeploymentPostprocessing = 0;
			shellPath = /bin/sh;
			shellScript = "\"${PODS_ROOT}/Target Support Files/Pods-Parstagram/Pods-Parstagram-frameworks.sh\"\n";
			showEnvVarsInLog = 0;
		};
		0B63C20563BC752925C0E90E /* [CP] Check Pods Manifest.lock */ = {
			isa = PBXShellScriptBuildPhase;
			buildActionMask = 2147483647;
			files = (
			);
			inputFileListPaths = (
			);
			inputPaths = (
				"${PODS_PODFILE_DIR_PATH}/Podfile.lock",
				"${PODS_ROOT}/Manifest.lock",
			);
			name = "[CP] Check Pods Manifest.lock";
			outputFileListPaths = (
			);
			outputPaths = (
				"$(DERIVED_FILE_DIR)/Pods-Parstagram-ParstagramUITests-checkManifestLockResult.txt",
			);
			runOnlyForDeploymentPostprocessing = 0;
			shellPath = /bin/sh;
			shellScript = "diff \"${PODS_PODFILE_DIR_PATH}/Podfile.lock\" \"${PODS_ROOT}/Manifest.lock\" > /dev/null\nif [ $? != 0 ] ; then\n    # print error to STDERR\n    echo \"error: The sandbox is not in sync with the Podfile.lock. Run 'pod install' or update your CocoaPods installation.\" >&2\n    exit 1\nfi\n# This output is used by Xcode 'outputs' to avoid re-running this script phase.\necho \"SUCCESS\" > \"${SCRIPT_OUTPUT_FILE_0}\"\n";
			showEnvVarsInLog = 0;
		};
		312235EEB93B6378537DE745 /* [CP] Check Pods Manifest.lock */ = {
			isa = PBXShellScriptBuildPhase;
			buildActionMask = 2147483647;
			files = (
			);
			inputFileListPaths = (
			);
			inputPaths = (
				"${PODS_PODFILE_DIR_PATH}/Podfile.lock",
				"${PODS_ROOT}/Manifest.lock",
			);
			name = "[CP] Check Pods Manifest.lock";
			outputFileListPaths = (
			);
			outputPaths = (
				"$(DERIVED_FILE_DIR)/Pods-Parstagram-checkManifestLockResult.txt",
			);
			runOnlyForDeploymentPostprocessing = 0;
			shellPath = /bin/sh;
			shellScript = "diff \"${PODS_PODFILE_DIR_PATH}/Podfile.lock\" \"${PODS_ROOT}/Manifest.lock\" > /dev/null\nif [ $? != 0 ] ; then\n    # print error to STDERR\n    echo \"error: The sandbox is not in sync with the Podfile.lock. Run 'pod install' or update your CocoaPods installation.\" >&2\n    exit 1\nfi\n# This output is used by Xcode 'outputs' to avoid re-running this script phase.\necho \"SUCCESS\" > \"${SCRIPT_OUTPUT_FILE_0}\"\n";
			showEnvVarsInLog = 0;
		};
		60B8C9BED26D29051414311C /* [CP] Embed Pods Frameworks */ = {
			isa = PBXShellScriptBuildPhase;
			buildActionMask = 2147483647;
			files = (
			);
			inputFileListPaths = (
				"${PODS_ROOT}/Target Support Files/Pods-Parstagram-ParstagramUITests/Pods-Parstagram-ParstagramUITests-frameworks-${CONFIGURATION}-input-files.xcfilelist",
			);
			name = "[CP] Embed Pods Frameworks";
			outputFileListPaths = (
				"${PODS_ROOT}/Target Support Files/Pods-Parstagram-ParstagramUITests/Pods-Parstagram-ParstagramUITests-frameworks-${CONFIGURATION}-output-files.xcfilelist",
			);
			runOnlyForDeploymentPostprocessing = 0;
			shellPath = /bin/sh;
			shellScript = "\"${PODS_ROOT}/Target Support Files/Pods-Parstagram-ParstagramUITests/Pods-Parstagram-ParstagramUITests-frameworks.sh\"\n";
			showEnvVarsInLog = 0;
		};
		DBC9DF19BE21CBEC9A2A3FFD /* [CP] Check Pods Manifest.lock */ = {
			isa = PBXShellScriptBuildPhase;
			buildActionMask = 2147483647;
			files = (
			);
			inputFileListPaths = (
			);
			inputPaths = (
				"${PODS_PODFILE_DIR_PATH}/Podfile.lock",
				"${PODS_ROOT}/Manifest.lock",
			);
			name = "[CP] Check Pods Manifest.lock";
			outputFileListPaths = (
			);
			outputPaths = (
				"$(DERIVED_FILE_DIR)/Pods-ParstagramTests-checkManifestLockResult.txt",
			);
			runOnlyForDeploymentPostprocessing = 0;
			shellPath = /bin/sh;
			shellScript = "diff \"${PODS_PODFILE_DIR_PATH}/Podfile.lock\" \"${PODS_ROOT}/Manifest.lock\" > /dev/null\nif [ $? != 0 ] ; then\n    # print error to STDERR\n    echo \"error: The sandbox is not in sync with the Podfile.lock. Run 'pod install' or update your CocoaPods installation.\" >&2\n    exit 1\nfi\n# This output is used by Xcode 'outputs' to avoid re-running this script phase.\necho \"SUCCESS\" > \"${SCRIPT_OUTPUT_FILE_0}\"\n";
			showEnvVarsInLog = 0;
		};
/* End PBXShellScriptBuildPhase section */

/* Begin PBXSourcesBuildPhase section */
		E58BC4BF2694E62700380D78 /* Sources */ = {
			isa = PBXSourcesBuildPhase;
			buildActionMask = 2147483647;
			files = (
				E57498BA2694FB87005E6871 /* LoginViewController.m in Sources */,
				E58BC4C82694E62700380D78 /* AppDelegate.m in Sources */,
				E58BC4D92694E62800380D78 /* main.m in Sources */,
				E58BC4CB2694E62700380D78 /* SceneDelegate.m in Sources */,
				E5D10D9A2694FF760021191D /* ParseManager.m in Sources */,
			);
			runOnlyForDeploymentPostprocessing = 0;
		};
		E58BC4DA2694E62800380D78 /* Sources */ = {
			isa = PBXSourcesBuildPhase;
			buildActionMask = 2147483647;
			files = (
				E58BC4E32694E62800380D78 /* ParstagramTests.m in Sources */,
			);
			runOnlyForDeploymentPostprocessing = 0;
		};
		E58BC4E52694E62800380D78 /* Sources */ = {
			isa = PBXSourcesBuildPhase;
			buildActionMask = 2147483647;
			files = (
				E58BC4EE2694E62800380D78 /* ParstagramUITests.m in Sources */,
			);
			runOnlyForDeploymentPostprocessing = 0;
		};
/* End PBXSourcesBuildPhase section */

/* Begin PBXTargetDependency section */
		E58BC4E02694E62800380D78 /* PBXTargetDependency */ = {
			isa = PBXTargetDependency;
			target = E58BC4C22694E62700380D78 /* Parstagram */;
			targetProxy = E58BC4DF2694E62800380D78 /* PBXContainerItemProxy */;
		};
		E58BC4EB2694E62800380D78 /* PBXTargetDependency */ = {
			isa = PBXTargetDependency;
			target = E58BC4C22694E62700380D78 /* Parstagram */;
			targetProxy = E58BC4EA2694E62800380D78 /* PBXContainerItemProxy */;
		};
/* End PBXTargetDependency section */

/* Begin PBXVariantGroup section */
		E58BC4CF2694E62700380D78 /* Main.storyboard */ = {
			isa = PBXVariantGroup;
			children = (
				E58BC4D02694E62700380D78 /* Base */,
			);
			name = Main.storyboard;
			sourceTree = "<group>";
		};
		E58BC4D42694E62800380D78 /* LaunchScreen.storyboard */ = {
			isa = PBXVariantGroup;
			children = (
				E58BC4D52694E62800380D78 /* Base */,
			);
			name = LaunchScreen.storyboard;
			sourceTree = "<group>";
		};
/* End PBXVariantGroup section */

/* Begin XCBuildConfiguration section */
		E58BC4F02694E62800380D78 /* Debug */ = {
			isa = XCBuildConfiguration;
			buildSettings = {
				ALWAYS_SEARCH_USER_PATHS = NO;
				CLANG_ANALYZER_NONNULL = YES;
				CLANG_ANALYZER_NUMBER_OBJECT_CONVERSION = YES_AGGRESSIVE;
				CLANG_CXX_LANGUAGE_STANDARD = "gnu++14";
				CLANG_CXX_LIBRARY = "libc++";
				CLANG_ENABLE_MODULES = YES;
				CLANG_ENABLE_OBJC_ARC = YES;
				CLANG_ENABLE_OBJC_WEAK = YES;
				CLANG_WARN_BLOCK_CAPTURE_AUTORELEASING = YES;
				CLANG_WARN_BOOL_CONVERSION = YES;
				CLANG_WARN_COMMA = YES;
				CLANG_WARN_CONSTANT_CONVERSION = YES;
				CLANG_WARN_DEPRECATED_OBJC_IMPLEMENTATIONS = YES;
				CLANG_WARN_DIRECT_OBJC_ISA_USAGE = YES_ERROR;
				CLANG_WARN_DOCUMENTATION_COMMENTS = YES;
				CLANG_WARN_EMPTY_BODY = YES;
				CLANG_WARN_ENUM_CONVERSION = YES;
				CLANG_WARN_INFINITE_RECURSION = YES;
				CLANG_WARN_INT_CONVERSION = YES;
				CLANG_WARN_NON_LITERAL_NULL_CONVERSION = YES;
				CLANG_WARN_OBJC_IMPLICIT_RETAIN_SELF = YES;
				CLANG_WARN_OBJC_LITERAL_CONVERSION = YES;
				CLANG_WARN_OBJC_ROOT_CLASS = YES_ERROR;
				CLANG_WARN_QUOTED_INCLUDE_IN_FRAMEWORK_HEADER = YES;
				CLANG_WARN_RANGE_LOOP_ANALYSIS = YES;
				CLANG_WARN_STRICT_PROTOTYPES = YES;
				CLANG_WARN_SUSPICIOUS_MOVE = YES;
				CLANG_WARN_UNGUARDED_AVAILABILITY = YES_AGGRESSIVE;
				CLANG_WARN_UNREACHABLE_CODE = YES;
				CLANG_WARN__DUPLICATE_METHOD_MATCH = YES;
				COPY_PHASE_STRIP = NO;
				DEBUG_INFORMATION_FORMAT = dwarf;
				ENABLE_STRICT_OBJC_MSGSEND = YES;
				ENABLE_TESTABILITY = YES;
				GCC_C_LANGUAGE_STANDARD = gnu11;
				GCC_DYNAMIC_NO_PIC = NO;
				GCC_NO_COMMON_BLOCKS = YES;
				GCC_OPTIMIZATION_LEVEL = 0;
				GCC_PREPROCESSOR_DEFINITIONS = (
					"DEBUG=1",
					"$(inherited)",
				);
				GCC_WARN_64_TO_32_BIT_CONVERSION = YES;
				GCC_WARN_ABOUT_RETURN_TYPE = YES_ERROR;
				GCC_WARN_UNDECLARED_SELECTOR = YES;
				GCC_WARN_UNINITIALIZED_AUTOS = YES_AGGRESSIVE;
				GCC_WARN_UNUSED_FUNCTION = YES;
				GCC_WARN_UNUSED_VARIABLE = YES;
				IPHONEOS_DEPLOYMENT_TARGET = 14.5;
				MTL_ENABLE_DEBUG_INFO = INCLUDE_SOURCE;
				MTL_FAST_MATH = YES;
				ONLY_ACTIVE_ARCH = YES;
				SDKROOT = iphoneos;
			};
			name = Debug;
		};
		E58BC4F12694E62800380D78 /* Release */ = {
			isa = XCBuildConfiguration;
			buildSettings = {
				ALWAYS_SEARCH_USER_PATHS = NO;
				CLANG_ANALYZER_NONNULL = YES;
				CLANG_ANALYZER_NUMBER_OBJECT_CONVERSION = YES_AGGRESSIVE;
				CLANG_CXX_LANGUAGE_STANDARD = "gnu++14";
				CLANG_CXX_LIBRARY = "libc++";
				CLANG_ENABLE_MODULES = YES;
				CLANG_ENABLE_OBJC_ARC = YES;
				CLANG_ENABLE_OBJC_WEAK = YES;
				CLANG_WARN_BLOCK_CAPTURE_AUTORELEASING = YES;
				CLANG_WARN_BOOL_CONVERSION = YES;
				CLANG_WARN_COMMA = YES;
				CLANG_WARN_CONSTANT_CONVERSION = YES;
				CLANG_WARN_DEPRECATED_OBJC_IMPLEMENTATIONS = YES;
				CLANG_WARN_DIRECT_OBJC_ISA_USAGE = YES_ERROR;
				CLANG_WARN_DOCUMENTATION_COMMENTS = YES;
				CLANG_WARN_EMPTY_BODY = YES;
				CLANG_WARN_ENUM_CONVERSION = YES;
				CLANG_WARN_INFINITE_RECURSION = YES;
				CLANG_WARN_INT_CONVERSION = YES;
				CLANG_WARN_NON_LITERAL_NULL_CONVERSION = YES;
				CLANG_WARN_OBJC_IMPLICIT_RETAIN_SELF = YES;
				CLANG_WARN_OBJC_LITERAL_CONVERSION = YES;
				CLANG_WARN_OBJC_ROOT_CLASS = YES_ERROR;
				CLANG_WARN_QUOTED_INCLUDE_IN_FRAMEWORK_HEADER = YES;
				CLANG_WARN_RANGE_LOOP_ANALYSIS = YES;
				CLANG_WARN_STRICT_PROTOTYPES = YES;
				CLANG_WARN_SUSPICIOUS_MOVE = YES;
				CLANG_WARN_UNGUARDED_AVAILABILITY = YES_AGGRESSIVE;
				CLANG_WARN_UNREACHABLE_CODE = YES;
				CLANG_WARN__DUPLICATE_METHOD_MATCH = YES;
				COPY_PHASE_STRIP = NO;
				DEBUG_INFORMATION_FORMAT = "dwarf-with-dsym";
				ENABLE_NS_ASSERTIONS = NO;
				ENABLE_STRICT_OBJC_MSGSEND = YES;
				GCC_C_LANGUAGE_STANDARD = gnu11;
				GCC_NO_COMMON_BLOCKS = YES;
				GCC_WARN_64_TO_32_BIT_CONVERSION = YES;
				GCC_WARN_ABOUT_RETURN_TYPE = YES_ERROR;
				GCC_WARN_UNDECLARED_SELECTOR = YES;
				GCC_WARN_UNINITIALIZED_AUTOS = YES_AGGRESSIVE;
				GCC_WARN_UNUSED_FUNCTION = YES;
				GCC_WARN_UNUSED_VARIABLE = YES;
				IPHONEOS_DEPLOYMENT_TARGET = 14.5;
				MTL_ENABLE_DEBUG_INFO = NO;
				MTL_FAST_MATH = YES;
				SDKROOT = iphoneos;
				VALIDATE_PRODUCT = YES;
			};
			name = Release;
		};
		E58BC4F32694E62800380D78 /* Debug */ = {
			isa = XCBuildConfiguration;
			baseConfigurationReference = 8C6AC1A071033ED6D3A5001B /* Pods-Parstagram.debug.xcconfig */;
			buildSettings = {
				ASSETCATALOG_COMPILER_APPICON_NAME = AppIcon;
				ASSETCATALOG_COMPILER_GLOBAL_ACCENT_COLOR_NAME = AccentColor;
				CODE_SIGN_STYLE = Automatic;
				INFOPLIST_FILE = Parstagram/Info.plist;
				LD_RUNPATH_SEARCH_PATHS = (
					"$(inherited)",
					"@executable_path/Frameworks",
				);
				PRODUCT_BUNDLE_IDENTIFIER = JohnJakobsen.Parstagram;
				PRODUCT_NAME = "$(TARGET_NAME)";
				TARGETED_DEVICE_FAMILY = "1,2";
			};
			name = Debug;
		};
		E58BC4F42694E62800380D78 /* Release */ = {
			isa = XCBuildConfiguration;
			baseConfigurationReference = 95157764EFBBC067B64F7D33 /* Pods-Parstagram.release.xcconfig */;
			buildSettings = {
				ASSETCATALOG_COMPILER_APPICON_NAME = AppIcon;
				ASSETCATALOG_COMPILER_GLOBAL_ACCENT_COLOR_NAME = AccentColor;
				CODE_SIGN_STYLE = Automatic;
				INFOPLIST_FILE = Parstagram/Info.plist;
				LD_RUNPATH_SEARCH_PATHS = (
					"$(inherited)",
					"@executable_path/Frameworks",
				);
				PRODUCT_BUNDLE_IDENTIFIER = JohnJakobsen.Parstagram;
				PRODUCT_NAME = "$(TARGET_NAME)";
				TARGETED_DEVICE_FAMILY = "1,2";
			};
			name = Release;
		};
		E58BC4F62694E62800380D78 /* Debug */ = {
			isa = XCBuildConfiguration;
			baseConfigurationReference = 93BA366FDE03865A14FA930F /* Pods-ParstagramTests.debug.xcconfig */;
			buildSettings = {
				BUNDLE_LOADER = "$(TEST_HOST)";
				CODE_SIGN_STYLE = Automatic;
				INFOPLIST_FILE = ParstagramTests/Info.plist;
				IPHONEOS_DEPLOYMENT_TARGET = 14.5;
				LD_RUNPATH_SEARCH_PATHS = (
					"$(inherited)",
					"@executable_path/Frameworks",
					"@loader_path/Frameworks",
				);
				PRODUCT_BUNDLE_IDENTIFIER = JohnJakobsen.ParstagramTests;
				PRODUCT_NAME = "$(TARGET_NAME)";
				TARGETED_DEVICE_FAMILY = "1,2";
				TEST_HOST = "$(BUILT_PRODUCTS_DIR)/Parstagram.app/Parstagram";
			};
			name = Debug;
		};
		E58BC4F72694E62800380D78 /* Release */ = {
			isa = XCBuildConfiguration;
			baseConfigurationReference = FEB88C5B2B98164605FA5359 /* Pods-ParstagramTests.release.xcconfig */;
			buildSettings = {
				BUNDLE_LOADER = "$(TEST_HOST)";
				CODE_SIGN_STYLE = Automatic;
				INFOPLIST_FILE = ParstagramTests/Info.plist;
				IPHONEOS_DEPLOYMENT_TARGET = 14.5;
				LD_RUNPATH_SEARCH_PATHS = (
					"$(inherited)",
					"@executable_path/Frameworks",
					"@loader_path/Frameworks",
				);
				PRODUCT_BUNDLE_IDENTIFIER = JohnJakobsen.ParstagramTests;
				PRODUCT_NAME = "$(TARGET_NAME)";
				TARGETED_DEVICE_FAMILY = "1,2";
				TEST_HOST = "$(BUILT_PRODUCTS_DIR)/Parstagram.app/Parstagram";
			};
			name = Release;
		};
		E58BC4F92694E62800380D78 /* Debug */ = {
			isa = XCBuildConfiguration;
			baseConfigurationReference = 0E7360941B6C0AB39C83BF3B /* Pods-Parstagram-ParstagramUITests.debug.xcconfig */;
			buildSettings = {
				CODE_SIGN_STYLE = Automatic;
				INFOPLIST_FILE = ParstagramUITests/Info.plist;
				LD_RUNPATH_SEARCH_PATHS = (
					"$(inherited)",
					"@executable_path/Frameworks",
					"@loader_path/Frameworks",
				);
				PRODUCT_BUNDLE_IDENTIFIER = JohnJakobsen.ParstagramUITests;
				PRODUCT_NAME = "$(TARGET_NAME)";
				TARGETED_DEVICE_FAMILY = "1,2";
				TEST_TARGET_NAME = Parstagram;
			};
			name = Debug;
		};
		E58BC4FA2694E62800380D78 /* Release */ = {
			isa = XCBuildConfiguration;
			baseConfigurationReference = 3B1945CB7C22EB0D82276CD5 /* Pods-Parstagram-ParstagramUITests.release.xcconfig */;
			buildSettings = {
				CODE_SIGN_STYLE = Automatic;
				INFOPLIST_FILE = ParstagramUITests/Info.plist;
				LD_RUNPATH_SEARCH_PATHS = (
					"$(inherited)",
					"@executable_path/Frameworks",
					"@loader_path/Frameworks",
				);
				PRODUCT_BUNDLE_IDENTIFIER = JohnJakobsen.ParstagramUITests;
				PRODUCT_NAME = "$(TARGET_NAME)";
				TARGETED_DEVICE_FAMILY = "1,2";
				TEST_TARGET_NAME = Parstagram;
			};
			name = Release;
		};
/* End XCBuildConfiguration section */

/* Begin XCConfigurationList section */
		E58BC4BE2694E62700380D78 /* Build configuration list for PBXProject "Parstagram" */ = {
			isa = XCConfigurationList;
			buildConfigurations = (
				E58BC4F02694E62800380D78 /* Debug */,
				E58BC4F12694E62800380D78 /* Release */,
			);
			defaultConfigurationIsVisible = 0;
			defaultConfigurationName = Release;
		};
		E58BC4F22694E62800380D78 /* Build configuration list for PBXNativeTarget "Parstagram" */ = {
			isa = XCConfigurationList;
			buildConfigurations = (
				E58BC4F32694E62800380D78 /* Debug */,
				E58BC4F42694E62800380D78 /* Release */,
			);
			defaultConfigurationIsVisible = 0;
			defaultConfigurationName = Release;
		};
		E58BC4F52694E62800380D78 /* Build configuration list for PBXNativeTarget "ParstagramTests" */ = {
			isa = XCConfigurationList;
			buildConfigurations = (
				E58BC4F62694E62800380D78 /* Debug */,
				E58BC4F72694E62800380D78 /* Release */,
			);
			defaultConfigurationIsVisible = 0;
			defaultConfigurationName = Release;
		};
		E58BC4F82694E62800380D78 /* Build configuration list for PBXNativeTarget "ParstagramUITests" */ = {
			isa = XCConfigurationList;
			buildConfigurations = (
				E58BC4F92694E62800380D78 /* Debug */,
				E58BC4FA2694E62800380D78 /* Release */,
			);
			defaultConfigurationIsVisible = 0;
			defaultConfigurationName = Release;
		};
/* End XCConfigurationList section */
	};
	rootObject = E58BC4BB2694E62700380D78 /* Project object */;
}
