// !$*UTF8*$!
{
	archiveVersion = 1;
	classes = {
	};
	objectVersion = 50;
	objects = {

/* Begin PBXBuildFile section */
		E58BC4C82694E62700380D78 /* AppDelegate.m in Sources */ = {isa = PBXBuildFile; fileRef = E58BC4C72694E62700380D78 /* AppDelegate.m */; };
		E58BC4CB2694E62700380D78 /* SceneDelegate.m in Sources */ = {isa = PBXBuildFile; fileRef = E58BC4CA2694E62700380D78 /* SceneDelegate.m */; };
		E58BC4CE2694E62700380D78 /* ViewController.m in Sources */ = {isa = PBXBuildFile; fileRef = E58BC4CD2694E62700380D78 /* ViewController.m */; };
		E58BC4D12694E62700380D78 /* Main.storyboard in Resources */ = {isa = PBXBuildFile; fileRef = E58BC4CF2694E62700380D78 /* Main.storyboard */; };
		E58BC4D32694E62800380D78 /* Assets.xcassets in Resources */ = {isa = PBXBuildFile; fileRef = E58BC4D22694E62800380D78 /* Assets.xcassets */; };
		E58BC4D62694E62800380D78 /* LaunchScreen.storyboard in Resources */ = {isa = PBXBuildFile; fileRef = E58BC4D42694E62800380D78 /* LaunchScreen.storyboard */; };
		E58BC4D92694E62800380D78 /* main.m in Sources */ = {isa = PBXBuildFile; fileRef = E58BC4D82694E62800380D78 /* main.m */; };
		E58BC4E32694E62800380D78 /* ParstagramTests.m in Sources */ = {isa = PBXBuildFile; fileRef = E58BC4E22694E62800380D78 /* ParstagramTests.m */; };
		E58BC4EE2694E62800380D78 /* ParstagramUITests.m in Sources */ = {isa = PBXBuildFile; fileRef = E58BC4ED2694E62800380D78 /* ParstagramUITests.m */; };
/* End PBXBuildFile section */

/* Begin PBXContainerItemProxy section */
		E58BC4DF2694E62800380D78 /* PBXContainerItemProxy */ = {
			isa = PBXContainerItemProxy;
			containerPortal = E58BC4BB2694E62700380D78 /* Project object */;
			proxyType = 1;
			remoteGlobalIDString = E58BC4C22694E62700380D78;
			remoteInfo = Parstagram;
		};
		E58BC4EA2694E62800380D78 /* PBXContainerItemProxy */ = {
			isa = PBXContainerItemProxy;
			containerPortal = E58BC4BB2694E62700380D78 /* Project object */;
			proxyType = 1;
			remoteGlobalIDString = E58BC4C22694E62700380D78;
			remoteInfo = Parstagram;
		};
/* End PBXContainerItemProxy section */

/* Begin PBXFileReference section */
		E58BC4C32694E62700380D78 /* Parstagram.app */ = {isa = PBXFileReference; explicitFileType = wrapper.application; includeInIndex = 0; path = Parstagram.app; sourceTree = BUILT_PRODUCTS_DIR; };
		E58BC4C62694E62700380D78 /* AppDelegate.h */ = {isa = PBXFileReference; lastKnownFileType = sourcecode.c.h; path = AppDelegate.h; sourceTree = "<group>"; };
		E58BC4C72694E62700380D78 /* AppDelegate.m */ = {isa = PBXFileReference; lastKnownFileType = sourcecode.c.objc; path = AppDelegate.m; sourceTree = "<group>"; };
		E58BC4C92694E62700380D78 /* SceneDelegate.h */ = {isa = PBXFileReference; lastKnownFileType = sourcecode.c.h; path = SceneDelegate.h; sourceTree = "<group>"; };
		E58BC4CA2694E62700380D78 /* SceneDelegate.m */ = {isa = PBXFileReference; lastKnownFileType = sourcecode.c.objc; path = SceneDelegate.m; sourceTree = "<group>"; };
		E58BC4CC2694E62700380D78 /* ViewController.h */ = {isa = PBXFileReference; lastKnownFileType = sourcecode.c.h; path = ViewController.h; sourceTree = "<group>"; };
		E58BC4CD2694E62700380D78 /* ViewController.m */ = {isa = PBXFileReference; lastKnownFileType = sourcecode.c.objc; path = ViewController.m; sourceTree = "<group>"; };
		E58BC4D02694E62700380D78 /* Base */ = {isa = PBXFileReference; lastKnownFileType = file.storyboard; name = Base; path = Base.lproj/Main.storyboard; sourceTree = "<group>"; };
		E58BC4D22694E62800380D78 /* Assets.xcassets */ = {isa = PBXFileReference; lastKnownFileType = folder.assetcatalog; path = Assets.xcassets; sourceTree = "<group>"; };
		E58BC4D52694E62800380D78 /* Base */ = {isa = PBXFileReference; lastKnownFileType = file.storyboard; name = Base; path = Base.lproj/LaunchScreen.storyboard; sourceTree = "<group>"; };
		E58BC4D72694E62800380D78 /* Info.plist */ = {isa = PBXFileReference; lastKnownFileType = text.plist.xml; path = Info.plist; sourceTree = "<group>"; };
		E58BC4D82694E62800380D78 /* main.m */ = {isa = PBXFileReference; lastKnownFileType = sourcecode.c.objc; path = main.m; sourceTree = "<group>"; };
		E58BC4DE2694E62800380D78 /* ParstagramTests.xctest */ = {isa = PBXFileReference; explicitFileType = wrapper.cfbundle; includeInIndex = 0; path = ParstagramTests.xctest; sourceTree = BUILT_PRODUCTS_DIR; };
		E58BC4E22694E62800380D78 /* ParstagramTests.m */ = {isa = PBXFileReference; lastKnownFileType = sourcecode.c.objc; path = ParstagramTests.m; sourceTree = "<group>"; };
		E58BC4E42694E62800380D78 /* Info.plist */ = {isa = PBXFileReference; lastKnownFileType = text.plist.xml; path = Info.plist; sourceTree = "<group>"; };
		E58BC4E92694E62800380D78 /* ParstagramUITests.xctest */ = {isa = PBXFileReference; explicitFileType = wrapper.cfbundle; includeInIndex = 0; path = ParstagramUITests.xctest; sourceTree = BUILT_PRODUCTS_DIR; };
		E58BC4ED2694E62800380D78 /* ParstagramUITests.m */ = {isa = PBXFileReference; lastKnownFileType = sourcecode.c.objc; path = ParstagramUITests.m; sourceTree = "<group>"; };
		E58BC4EF2694E62800380D78 /* Info.plist */ = {isa = PBXFileReference; lastKnownFileType = text.plist.xml; path = Info.plist; sourceTree = "<group>"; };
/* End PBXFileReference section */

/* Begin PBXFrameworksBuildPhase section */
		E58BC4C02694E62700380D78 /* Frameworks */ = {
			isa = PBXFrameworksBuildPhase;
			buildActionMask = 2147483647;
			files = (
			);
			runOnlyForDeploymentPostprocessing = 0;
		};
		E58BC4DB2694E62800380D78 /* Frameworks */ = {
			isa = PBXFrameworksBuildPhase;
			buildActionMask = 2147483647;
			files = (
			);
			runOnlyForDeploymentPostprocessing = 0;
		};
		E58BC4E62694E62800380D78 /* Frameworks */ = {
			isa = PBXFrameworksBuildPhase;
			buildActionMask = 2147483647;
			files = (
			);
			runOnlyForDeploymentPostprocessing = 0;
		};
/* End PBXFrameworksBuildPhase section */

/* Begin PBXGroup section */
		E58BC4BA2694E62700380D78 = {
			isa = PBXGroup;
			children = (
				E58BC4C52694E62700380D78 /* Parstagram */,
				E58BC4E12694E62800380D78 /* ParstagramTests */,
				E58BC4EC2694E62800380D78 /* ParstagramUITests */,
				E58BC4C42694E62700380D78 /* Products */,
			);
			sourceTree = "<group>";
		};
		E58BC4C42694E62700380D78 /* Products */ = {
			isa = PBXGroup;
			children = (
				E58BC4C32694E62700380D78 /* Parstagram.app */,
				E58BC4DE2694E62800380D78 /* ParstagramTests.xctest */,
				E58BC4E92694E62800380D78 /* ParstagramUITests.xctest */,
			);
			name = Products;
			sourceTree = "<group>";
		};
		E58BC4C52694E62700380D78 /* Parstagram */ = {
			isa = PBXGroup;
			children = (
				E58BC4C62694E62700380D78 /* AppDelegate.h */,
				E58BC4C72694E62700380D78 /* AppDelegate.m */,
				E58BC4C92694E62700380D78 /* SceneDelegate.h */,
				E58BC4CA2694E62700380D78 /* SceneDelegate.m */,
				E58BC4CC2694E62700380D78 /* ViewController.h */,
				E58BC4CD2694E62700380D78 /* ViewController.m */,
				E58BC4CF2694E62700380D78 /* Main.storyboard */,
				E58BC4D22694E62800380D78 /* Assets.xcassets */,
				E58BC4D42694E62800380D78 /* LaunchScreen.storyboard */,
				E58BC4D72694E62800380D78 /* Info.plist */,
				E58BC4D82694E62800380D78 /* main.m */,
			);
			path = Parstagram;
			sourceTree = "<group>";
		};
		E58BC4E12694E62800380D78 /* ParstagramTests */ = {
			isa = PBXGroup;
			children = (
				E58BC4E22694E62800380D78 /* ParstagramTests.m */,
				E58BC4E42694E62800380D78 /* Info.plist */,
			);
			path = ParstagramTests;
			sourceTree = "<group>";
		};
		E58BC4EC2694E62800380D78 /* ParstagramUITests */ = {
			isa = PBXGroup;
			children = (
				E58BC4ED2694E62800380D78 /* ParstagramUITests.m */,
				E58BC4EF2694E62800380D78 /* Info.plist */,
			);
			path = ParstagramUITests;
			sourceTree = "<group>";
		};
/* End PBXGroup section */

/* Begin PBXNativeTarget section */
		E58BC4C22694E62700380D78 /* Parstagram */ = {
			isa = PBXNativeTarget;
			buildConfigurationList = E58BC4F22694E62800380D78 /* Build configuration list for PBXNativeTarget "Parstagram" */;
			buildPhases = (
				E58BC4BF2694E62700380D78 /* Sources */,
				E58BC4C02694E62700380D78 /* Frameworks */,
				E58BC4C12694E62700380D78 /* Resources */,
			);
			buildRules = (
			);
			dependencies = (
			);
			name = Parstagram;
			productName = Parstagram;
			productReference = E58BC4C32694E62700380D78 /* Parstagram.app */;
			productType = "com.apple.product-type.application";
		};
		E58BC4DD2694E62800380D78 /* ParstagramTests */ = {
			isa = PBXNativeTarget;
			buildConfigurationList = E58BC4F52694E62800380D78 /* Build configuration list for PBXNativeTarget "ParstagramTests" */;
			buildPhases = (
				E58BC4DA2694E62800380D78 /* Sources */,
				E58BC4DB2694E62800380D78 /* Frameworks */,
				E58BC4DC2694E62800380D78 /* Resources */,
			);
			buildRules = (
			);
			dependencies = (
				E58BC4E02694E62800380D78 /* PBXTargetDependency */,
			);
			name = ParstagramTests;
			productName = ParstagramTests;
			productReference = E58BC4DE2694E62800380D78 /* ParstagramTests.xctest */;
			productType = "com.apple.product-type.bundle.unit-test";
		};
		E58BC4E82694E62800380D78 /* ParstagramUITests */ = {
			isa = PBXNativeTarget;
			buildConfigurationList = E58BC4F82694E62800380D78 /* Build configuration list for PBXNativeTarget "ParstagramUITests" */;
			buildPhases = (
				E58BC4E52694E62800380D78 /* Sources */,
				E58BC4E62694E62800380D78 /* Frameworks */,
				E58BC4E72694E62800380D78 /* Resources */,
			);
			buildRules = (
			);
			dependencies = (
				E58BC4EB2694E62800380D78 /* PBXTargetDependency */,
			);
			name = ParstagramUITests;
			productName = ParstagramUITests;
			productReference = E58BC4E92694E62800380D78 /* ParstagramUITests.xctest */;
			productType = "com.apple.product-type.bundle.ui-testing";
		};
/* End PBXNativeTarget section */

/* Begin PBXProject section */
		E58BC4BB2694E62700380D78 /* Project object */ = {
			isa = PBXProject;
			attributes = {
				LastUpgradeCheck = 1250;
				TargetAttributes = {
					E58BC4C22694E62700380D78 = {
						CreatedOnToolsVersion = 12.5.1;
					};
					E58BC4DD2694E62800380D78 = {
						CreatedOnToolsVersion = 12.5.1;
						TestTargetID = E58BC4C22694E62700380D78;
					};
					E58BC4E82694E62800380D78 = {
						CreatedOnToolsVersion = 12.5.1;
						TestTargetID = E58BC4C22694E62700380D78;
					};
				};
			};
			buildConfigurationList = E58BC4BE2694E62700380D78 /* Build configuration list for PBXProject "Parstagram" */;
			compatibilityVersion = "Xcode 9.3";
			developmentRegion = en;
			hasScannedForEncodings = 0;
			knownRegions = (
				en,
				Base,
			);
			mainGroup = E58BC4BA2694E62700380D78;
			productRefGroup = E58BC4C42694E62700380D78 /* Products */;
			projectDirPath = "";
			projectRoot = "";
			targets = (
				E58BC4C22694E62700380D78 /* Parstagram */,
				E58BC4DD2694E62800380D78 /* ParstagramTests */,
				E58BC4E82694E62800380D78 /* ParstagramUITests */,
			);
		};
/* End PBXProject section */

/* Begin PBXResourcesBuildPhase section */
		E58BC4C12694E62700380D78 /* Resources */ = {
			isa = PBXResourcesBuildPhase;
			buildActionMask = 2147483647;
			files = (
				E58BC4D62694E62800380D78 /* LaunchScreen.storyboard in Resources */,
				E58BC4D32694E62800380D78 /* Assets.xcassets in Resources */,
				E58BC4D12694E62700380D78 /* Main.storyboard in Resources */,
			);
			runOnlyForDeploymentPostprocessing = 0;
		};
		E58BC4DC2694E62800380D78 /* Resources */ = {
			isa = PBXResourcesBuildPhase;
			buildActionMask = 2147483647;
			files = (
			);
			runOnlyForDeploymentPostprocessing = 0;
		};
		E58BC4E72694E62800380D78 /* Resources */ = {
			isa = PBXResourcesBuildPhase;
			buildActionMask = 2147483647;
			files = (
			);
			runOnlyForDeploymentPostprocessing = 0;
		};
/* End PBXResourcesBuildPhase section */

/* Begin PBXSourcesBuildPhase section */
		E58BC4BF2694E62700380D78 /* Sources */ = {
			isa = PBXSourcesBuildPhase;
			buildActionMask = 2147483647;
			files = (
				E58BC4CE2694E62700380D78 /* ViewController.m in Sources */,
				E58BC4C82694E62700380D78 /* AppDelegate.m in Sources */,
				E58BC4D92694E62800380D78 /* main.m in Sources */,
				E58BC4CB2694E62700380D78 /* SceneDelegate.m in Sources */,
			);
			runOnlyForDeploymentPostprocessing = 0;
		};
		E58BC4DA2694E62800380D78 /* Sources */ = {
			isa = PBXSourcesBuildPhase;
			buildActionMask = 2147483647;
			files = (
				E58BC4E32694E62800380D78 /* ParstagramTests.m in Sources */,
			);
			runOnlyForDeploymentPostprocessing = 0;
		};
		E58BC4E52694E62800380D78 /* Sources */ = {
			isa = PBXSourcesBuildPhase;
			buildActionMask = 2147483647;
			files = (
				E58BC4EE2694E62800380D78 /* ParstagramUITests.m in Sources */,
			);
			runOnlyForDeploymentPostprocessing = 0;
		};
/* End PBXSourcesBuildPhase section */

/* Begin PBXTargetDependency section */
		E58BC4E02694E62800380D78 /* PBXTargetDependency */ = {
			isa = PBXTargetDependency;
			target = E58BC4C22694E62700380D78 /* Parstagram */;
			targetProxy = E58BC4DF2694E62800380D78 /* PBXContainerItemProxy */;
		};
		E58BC4EB2694E62800380D78 /* PBXTargetDependency */ = {
			isa = PBXTargetDependency;
			target = E58BC4C22694E62700380D78 /* Parstagram */;
			targetProxy = E58BC4EA2694E62800380D78 /* PBXContainerItemProxy */;
		};
/* End PBXTargetDependency section */

/* Begin PBXVariantGroup section */
		E58BC4CF2694E62700380D78 /* Main.storyboard */ = {
			isa = PBXVariantGroup;
			children = (
				E58BC4D02694E62700380D78 /* Base */,
			);
			name = Main.storyboard;
			sourceTree = "<group>";
		};
		E58BC4D42694E62800380D78 /* LaunchScreen.storyboard */ = {
			isa = PBXVariantGroup;
			children = (
				E58BC4D52694E62800380D78 /* Base */,
			);
			name = LaunchScreen.storyboard;
			sourceTree = "<group>";
		};
/* End PBXVariantGroup section */

/* Begin XCBuildConfiguration section */
		E58BC4F02694E62800380D78 /* Debug */ = {
			isa = XCBuildConfiguration;
			buildSettings = {
				ALWAYS_SEARCH_USER_PATHS = NO;
				CLANG_ANALYZER_NONNULL = YES;
				CLANG_ANALYZER_NUMBER_OBJECT_CONVERSION = YES_AGGRESSIVE;
				CLANG_CXX_LANGUAGE_STANDARD = "gnu++14";
				CLANG_CXX_LIBRARY = "libc++";
				CLANG_ENABLE_MODULES = YES;
				CLANG_ENABLE_OBJC_ARC = YES;
				CLANG_ENABLE_OBJC_WEAK = YES;
				CLANG_WARN_BLOCK_CAPTURE_AUTORELEASING = YES;
				CLANG_WARN_BOOL_CONVERSION = YES;
				CLANG_WARN_COMMA = YES;
				CLANG_WARN_CONSTANT_CONVERSION = YES;
				CLANG_WARN_DEPRECATED_OBJC_IMPLEMENTATIONS = YES;
				CLANG_WARN_DIRECT_OBJC_ISA_USAGE = YES_ERROR;
				CLANG_WARN_DOCUMENTATION_COMMENTS = YES;
				CLANG_WARN_EMPTY_BODY = YES;
				CLANG_WARN_ENUM_CONVERSION = YES;
				CLANG_WARN_INFINITE_RECURSION = YES;
				CLANG_WARN_INT_CONVERSION = YES;
				CLANG_WARN_NON_LITERAL_NULL_CONVERSION = YES;
				CLANG_WARN_OBJC_IMPLICIT_RETAIN_SELF = YES;
				CLANG_WARN_OBJC_LITERAL_CONVERSION = YES;
				CLANG_WARN_OBJC_ROOT_CLASS = YES_ERROR;
				CLANG_WARN_QUOTED_INCLUDE_IN_FRAMEWORK_HEADER = YES;
				CLANG_WARN_RANGE_LOOP_ANALYSIS = YES;
				CLANG_WARN_STRICT_PROTOTYPES = YES;
				CLANG_WARN_SUSPICIOUS_MOVE = YES;
				CLANG_WARN_UNGUARDED_AVAILABILITY = YES_AGGRESSIVE;
				CLANG_WARN_UNREACHABLE_CODE = YES;
				CLANG_WARN__DUPLICATE_METHOD_MATCH = YES;
				COPY_PHASE_STRIP = NO;
				DEBUG_INFORMATION_FORMAT = dwarf;
				ENABLE_STRICT_OBJC_MSGSEND = YES;
				ENABLE_TESTABILITY = YES;
				GCC_C_LANGUAGE_STANDARD = gnu11;
				GCC_DYNAMIC_NO_PIC = NO;
				GCC_NO_COMMON_BLOCKS = YES;
				GCC_OPTIMIZATION_LEVEL = 0;
				GCC_PREPROCESSOR_DEFINITIONS = (
					"DEBUG=1",
					"$(inherited)",
				);
				GCC_WARN_64_TO_32_BIT_CONVERSION = YES;
				GCC_WARN_ABOUT_RETURN_TYPE = YES_ERROR;
				GCC_WARN_UNDECLARED_SELECTOR = YES;
				GCC_WARN_UNINITIALIZED_AUTOS = YES_AGGRESSIVE;
				GCC_WARN_UNUSED_FUNCTION = YES;
				GCC_WARN_UNUSED_VARIABLE = YES;
				IPHONEOS_DEPLOYMENT_TARGET = 14.5;
				MTL_ENABLE_DEBUG_INFO = INCLUDE_SOURCE;
				MTL_FAST_MATH = YES;
				ONLY_ACTIVE_ARCH = YES;
				SDKROOT = iphoneos;
			};
			name = Debug;
		};
		E58BC4F12694E62800380D78 /* Release */ = {
			isa = XCBuildConfiguration;
			buildSettings = {
				ALWAYS_SEARCH_USER_PATHS = NO;
				CLANG_ANALYZER_NONNULL = YES;
				CLANG_ANALYZER_NUMBER_OBJECT_CONVERSION = YES_AGGRESSIVE;
				CLANG_CXX_LANGUAGE_STANDARD = "gnu++14";
				CLANG_CXX_LIBRARY = "libc++";
				CLANG_ENABLE_MODULES = YES;
				CLANG_ENABLE_OBJC_ARC = YES;
				CLANG_ENABLE_OBJC_WEAK = YES;
				CLANG_WARN_BLOCK_CAPTURE_AUTORELEASING = YES;
				CLANG_WARN_BOOL_CONVERSION = YES;
				CLANG_WARN_COMMA = YES;
				CLANG_WARN_CONSTANT_CONVERSION = YES;
				CLANG_WARN_DEPRECATED_OBJC_IMPLEMENTATIONS = YES;
				CLANG_WARN_DIRECT_OBJC_ISA_USAGE = YES_ERROR;
				CLANG_WARN_DOCUMENTATION_COMMENTS = YES;
				CLANG_WARN_EMPTY_BODY = YES;
				CLANG_WARN_ENUM_CONVERSION = YES;
				CLANG_WARN_INFINITE_RECURSION = YES;
				CLANG_WARN_INT_CONVERSION = YES;
				CLANG_WARN_NON_LITERAL_NULL_CONVERSION = YES;
				CLANG_WARN_OBJC_IMPLICIT_RETAIN_SELF = YES;
				CLANG_WARN_OBJC_LITERAL_CONVERSION = YES;
				CLANG_WARN_OBJC_ROOT_CLASS = YES_ERROR;
				CLANG_WARN_QUOTED_INCLUDE_IN_FRAMEWORK_HEADER = YES;
				CLANG_WARN_RANGE_LOOP_ANALYSIS = YES;
				CLANG_WARN_STRICT_PROTOTYPES = YES;
				CLANG_WARN_SUSPICIOUS_MOVE = YES;
				CLANG_WARN_UNGUARDED_AVAILABILITY = YES_AGGRESSIVE;
				CLANG_WARN_UNREACHABLE_CODE = YES;
				CLANG_WARN__DUPLICATE_METHOD_MATCH = YES;
				COPY_PHASE_STRIP = NO;
				DEBUG_INFORMATION_FORMAT = "dwarf-with-dsym";
				ENABLE_NS_ASSERTIONS = NO;
				ENABLE_STRICT_OBJC_MSGSEND = YES;
				GCC_C_LANGUAGE_STANDARD = gnu11;
				GCC_NO_COMMON_BLOCKS = YES;
				GCC_WARN_64_TO_32_BIT_CONVERSION = YES;
				GCC_WARN_ABOUT_RETURN_TYPE = YES_ERROR;
				GCC_WARN_UNDECLARED_SELECTOR = YES;
				GCC_WARN_UNINITIALIZED_AUTOS = YES_AGGRESSIVE;
				GCC_WARN_UNUSED_FUNCTION = YES;
				GCC_WARN_UNUSED_VARIABLE = YES;
				IPHONEOS_DEPLOYMENT_TARGET = 14.5;
				MTL_ENABLE_DEBUG_INFO = NO;
				MTL_FAST_MATH = YES;
				SDKROOT = iphoneos;
				VALIDATE_PRODUCT = YES;
			};
			name = Release;
		};
		E58BC4F32694E62800380D78 /* Debug */ = {
			isa = XCBuildConfiguration;
			buildSettings = {
				ASSETCATALOG_COMPILER_APPICON_NAME = AppIcon;
				ASSETCATALOG_COMPILER_GLOBAL_ACCENT_COLOR_NAME = AccentColor;
				CODE_SIGN_STYLE = Automatic;
				INFOPLIST_FILE = Parstagram/Info.plist;
				LD_RUNPATH_SEARCH_PATHS = (
					"$(inherited)",
					"@executable_path/Frameworks",
				);
				PRODUCT_BUNDLE_IDENTIFIER = JohnJakobsen.Parstagram;
				PRODUCT_NAME = "$(TARGET_NAME)";
				TARGETED_DEVICE_FAMILY = "1,2";
			};
			name = Debug;
		};
		E58BC4F42694E62800380D78 /* Release */ = {
			isa = XCBuildConfiguration;
			buildSettings = {
				ASSETCATALOG_COMPILER_APPICON_NAME = AppIcon;
				ASSETCATALOG_COMPILER_GLOBAL_ACCENT_COLOR_NAME = AccentColor;
				CODE_SIGN_STYLE = Automatic;
				INFOPLIST_FILE = Parstagram/Info.plist;
				LD_RUNPATH_SEARCH_PATHS = (
					"$(inherited)",
					"@executable_path/Frameworks",
				);
				PRODUCT_BUNDLE_IDENTIFIER = JohnJakobsen.Parstagram;
				PRODUCT_NAME = "$(TARGET_NAME)";
				TARGETED_DEVICE_FAMILY = "1,2";
			};
			name = Release;
		};
		E58BC4F62694E62800380D78 /* Debug */ = {
			isa = XCBuildConfiguration;
			buildSettings = {
				BUNDLE_LOADER = "$(TEST_HOST)";
				CODE_SIGN_STYLE = Automatic;
				INFOPLIST_FILE = ParstagramTests/Info.plist;
				IPHONEOS_DEPLOYMENT_TARGET = 14.5;
				LD_RUNPATH_SEARCH_PATHS = (
					"$(inherited)",
					"@executable_path/Frameworks",
					"@loader_path/Frameworks",
				);
				PRODUCT_BUNDLE_IDENTIFIER = JohnJakobsen.ParstagramTests;
				PRODUCT_NAME = "$(TARGET_NAME)";
				TARGETED_DEVICE_FAMILY = "1,2";
				TEST_HOST = "$(BUILT_PRODUCTS_DIR)/Parstagram.app/Parstagram";
			};
			name = Debug;
		};
		E58BC4F72694E62800380D78 /* Release */ = {
			isa = XCBuildConfiguration;
			buildSettings = {
				BUNDLE_LOADER = "$(TEST_HOST)";
				CODE_SIGN_STYLE = Automatic;
				INFOPLIST_FILE = ParstagramTests/Info.plist;
				IPHONEOS_DEPLOYMENT_TARGET = 14.5;
				LD_RUNPATH_SEARCH_PATHS = (
					"$(inherited)",
					"@executable_path/Frameworks",
					"@loader_path/Frameworks",
				);
				PRODUCT_BUNDLE_IDENTIFIER = JohnJakobsen.ParstagramTests;
				PRODUCT_NAME = "$(TARGET_NAME)";
				TARGETED_DEVICE_FAMILY = "1,2";
				TEST_HOST = "$(BUILT_PRODUCTS_DIR)/Parstagram.app/Parstagram";
			};
			name = Release;
		};
		E58BC4F92694E62800380D78 /* Debug */ = {
			isa = XCBuildConfiguration;
			buildSettings = {
				CODE_SIGN_STYLE = Automatic;
				INFOPLIST_FILE = ParstagramUITests/Info.plist;
				LD_RUNPATH_SEARCH_PATHS = (
					"$(inherited)",
					"@executable_path/Frameworks",
					"@loader_path/Frameworks",
				);
				PRODUCT_BUNDLE_IDENTIFIER = JohnJakobsen.ParstagramUITests;
				PRODUCT_NAME = "$(TARGET_NAME)";
				TARGETED_DEVICE_FAMILY = "1,2";
				TEST_TARGET_NAME = Parstagram;
			};
			name = Debug;
		};
		E58BC4FA2694E62800380D78 /* Release */ = {
			isa = XCBuildConfiguration;
			buildSettings = {
				CODE_SIGN_STYLE = Automatic;
				INFOPLIST_FILE = ParstagramUITests/Info.plist;
				LD_RUNPATH_SEARCH_PATHS = (
					"$(inherited)",
					"@executable_path/Frameworks",
					"@loader_path/Frameworks",
				);
				PRODUCT_BUNDLE_IDENTIFIER = JohnJakobsen.ParstagramUITests;
				PRODUCT_NAME = "$(TARGET_NAME)";
				TARGETED_DEVICE_FAMILY = "1,2";
				TEST_TARGET_NAME = Parstagram;
			};
			name = Release;
		};
/* End XCBuildConfiguration section */

/* Begin XCConfigurationList section */
		E58BC4BE2694E62700380D78 /* Build configuration list for PBXProject "Parstagram" */ = {
			isa = XCConfigurationList;
			buildConfigurations = (
				E58BC4F02694E62800380D78 /* Debug */,
				E58BC4F12694E62800380D78 /* Release */,
			);
			defaultConfigurationIsVisible = 0;
			defaultConfigurationName = Release;
		};
		E58BC4F22694E62800380D78 /* Build configuration list for PBXNativeTarget "Parstagram" */ = {
			isa = XCConfigurationList;
			buildConfigurations = (
				E58BC4F32694E62800380D78 /* Debug */,
				E58BC4F42694E62800380D78 /* Release */,
			);
			defaultConfigurationIsVisible = 0;
			defaultConfigurationName = Release;
		};
		E58BC4F52694E62800380D78 /* Build configuration list for PBXNativeTarget "ParstagramTests" */ = {
			isa = XCConfigurationList;
			buildConfigurations = (
				E58BC4F62694E62800380D78 /* Debug */,
				E58BC4F72694E62800380D78 /* Release */,
			);
			defaultConfigurationIsVisible = 0;
			defaultConfigurationName = Release;
		};
		E58BC4F82694E62800380D78 /* Build configuration list for PBXNativeTarget "ParstagramUITests" */ = {
			isa = XCConfigurationList;
			buildConfigurations = (
				E58BC4F92694E62800380D78 /* Debug */,
				E58BC4FA2694E62800380D78 /* Release */,
			);
			defaultConfigurationIsVisible = 0;
			defaultConfigurationName = Release;
		};
/* End XCConfigurationList section */
	};
	rootObject = E58BC4BB2694E62700380D78 /* Project object */;
}
